{
  "name": "esbuild-markdoc-plugin",
  "version": "1.0.2",
  "lockfileVersion": 2,
  "requires": true,
  "packages": {
    "": {
      "name": "esbuild-markdoc-plugin",
      "version": "1.0.2",
      "license": "MIT",
      "dependencies": {
        "@markdoc/markdoc": "0.1.1"
      }
    },
    "node_modules/@markdoc/markdoc": {
      "version": "0.1.1",
      "resolved": "https://registry.npmjs.org/@markdoc/markdoc/-/markdoc-0.1.1.tgz",
      "integrity": "sha512-ak7lacwM9fY99U+b9+IQ02qkcdc8Of0OPIWUdWNHW8zdmWam0fNRYoKWVR1B5OvdWDauYN3u0+ZbR9cds3oChw==",
      "engines": {
        "node": ">=14.7.0"
      }
    }
  },
  "dependencies": {
    "@markdoc/markdoc": {
      "version": "0.1.1",
      "resolved": "https://registry.npmjs.org/@markdoc/markdoc/-/markdoc-0.1.1.tgz",
      "integrity": "sha512-ak7lacwM9fY99U+b9+IQ02qkcdc8Of0OPIWUdWNHW8zdmWam0fNRYoKWVR1B5OvdWDauYN3u0+ZbR9cds3oChw=="
    }
  }
}
